
Microsoft Visual Studio Solution File, Format Version 12.00
Project("{FAE04EC0-301F-11D3-BF4B-00C04F79EFBC}") = "HomeSystem.Services.Identity", "src\HomeSystem.Services.Identity\HomeSystem.Services.Identity.csproj", "{8EFCB6E5-03AB-40E0-BBB5-A7DD8BE27DF3}"
EndProject
Project("{2150E333-8FDC-42A3-9474-1A3956D46DE8}") = "src", "src", "{D09F3FA6-943E-4209-8295-8316F3838513}"
EndProject
Project("{2150E333-8FDC-42A3-9474-1A3956D46DE8}") = "tests", "tests", "{2E264CB7-957E-47C7-AFEA-D5C7B3D2F574}"
EndProject
Project("{2150E333-8FDC-42A3-9474-1A3956D46DE8}") = "scripts", "scripts", "{2BE22C69-1D46-4B87-8C8F-F944C4251BBE}"
ProjectSection(SolutionItems) = preProject
	scripts\dotnet-build-local.sh = scripts\dotnet-build-local.sh
	scripts\dotnet-build.sh = scripts\dotnet-build.sh
	scripts\dotnet-publish.sh = scripts\dotnet-publish.sh
	scripts\dotnet-run.sh = scripts\dotnet-run.sh
	scripts\dotnet-add-migrations.sh = scripts\dotnet-add-migrations.sh
	scripts\dotnet-update-database.sh = scripts\dotnet-update-database.sh
	scripts\docker-build-local.sh = scripts\docker-build-local.sh
EndProjectSection
EndProject
Global
	GlobalSection(SolutionConfigurationPlatforms) = preSolution
		Debug|Any CPU = Debug|Any CPU
		Release|Any CPU = Release|Any CPU
	EndGlobalSection
	GlobalSection(ProjectConfigurationPlatforms) = postSolution
		{8EFCB6E5-03AB-40E0-BBB5-A7DD8BE27DF3}.Debug|Any CPU.ActiveCfg = Debug|Any CPU
		{8EFCB6E5-03AB-40E0-BBB5-A7DD8BE27DF3}.Debug|Any CPU.Build.0 = Debug|Any CPU
		{8EFCB6E5-03AB-40E0-BBB5-A7DD8BE27DF3}.Release|Any CPU.ActiveCfg = Release|Any CPU
		{8EFCB6E5-03AB-40E0-BBB5-A7DD8BE27DF3}.Release|Any CPU.Build.0 = Release|Any CPU
	EndGlobalSection
	GlobalSection(NestedProjects) = preSolution
		{8EFCB6E5-03AB-40E0-BBB5-A7DD8BE27DF3} = {D09F3FA6-943E-4209-8295-8316F3838513}
	EndGlobalSection
EndGlobal
