
Microsoft Visual Studio Solution File, Format Version 12.00
# Visual Studio 15
VisualStudioVersion = 15.0.28307.329
MinimumVisualStudioVersion = 10.0.40219.1
Project("{2150E333-8FDC-42A3-9474-1A3956D46DE8}") = "src", "src", "{D09F3FA6-943E-4209-8295-8316F3838513}"
EndProject
Project("{2150E333-8FDC-42A3-9474-1A3956D46DE8}") = "tests", "tests", "{2E264CB7-957E-47C7-AFEA-D5C7B3D2F574}"
EndProject
Project("{2150E333-8FDC-42A3-9474-1A3956D46DE8}") = "scripts", "scripts", "{2BE22C69-1D46-4B87-8C8F-F944C4251BBE}"
	ProjectSection(SolutionItems) = preProject
		scripts\docker-build-local.sh = scripts\docker-build-local.sh
		scripts\dotnet-add-migrations.sh = scripts\dotnet-add-migrations.sh
		scripts\dotnet-build-local.sh = scripts\dotnet-build-local.sh
		scripts\dotnet-build.sh = scripts\dotnet-build.sh
		scripts\dotnet-publish.sh = scripts\dotnet-publish.sh
		scripts\dotnet-run.sh = scripts\dotnet-run.sh
		scripts\dotnet-update-database.sh = scripts\dotnet-update-database.sh
	EndProjectSection
EndProject
Project("{9A19103F-16F7-4668-BE54-9A1E7A4F7556}") = "XSecure.Services.Users.Tests", "tests\XSecure.Services.Users.Tests\XSecure.Services.Users.Tests.csproj", "{D29C7211-7CF4-48BF-A9D7-961D447B22FF}"
EndProject
Project("{9A19103F-16F7-4668-BE54-9A1E7A4F7556}") = "XSecure.Services.Users.Tests.E2E", "tests\XSecure.Services.Users.Tests.E2E\XSecure.Services.Users.Tests.E2E.csproj", "{79C9ECC6-15C8-4C9B-B2E4-BDF04C6C8AFC}"
EndProject
Project("{9A19103F-16F7-4668-BE54-9A1E7A4F7556}") = "XSecure.Services.Users.Application", "src\XSecure.Services.Users.Application\XSecure.Services.Users.Application.csproj", "{C91696F9-FEC7-4F5B-9D9E-09DA2C61BC65}"
EndProject
Project("{9A19103F-16F7-4668-BE54-9A1E7A4F7556}") = "XSecure.Services.Users.Domain", "src\XSecure.Services.Users.Domain\XSecure.Services.Users.Domain.csproj", "{CBD9DD9D-75EF-484C-B492-15774209CDE6}"
EndProject
Project("{9A19103F-16F7-4668-BE54-9A1E7A4F7556}") = "XSecure.Services.Users.Infrastructure", "src\XSecure.Services.Users.Infrastructure\XSecure.Services.Users.Infrastructure.csproj", "{A2C648CC-0ED3-46B7-9F2B-627619802385}"
EndProject
Project("{9A19103F-16F7-4668-BE54-9A1E7A4F7556}") = "XSecure.Services.Users.Api", "src\XSecure.Services.Users.Api\XSecure.Services.Users.Api.csproj", "{6B5E084F-794D-435F-BF62-9F6536AED07F}"
EndProject
Global
	GlobalSection(SolutionConfigurationPlatforms) = preSolution
		Debug|Any CPU = Debug|Any CPU
		Release|Any CPU = Release|Any CPU
	EndGlobalSection
	GlobalSection(ProjectConfigurationPlatforms) = postSolution
		{D29C7211-7CF4-48BF-A9D7-961D447B22FF}.Debug|Any CPU.ActiveCfg = Debug|Any CPU
		{D29C7211-7CF4-48BF-A9D7-961D447B22FF}.Debug|Any CPU.Build.0 = Debug|Any CPU
		{D29C7211-7CF4-48BF-A9D7-961D447B22FF}.Release|Any CPU.ActiveCfg = Release|Any CPU
		{D29C7211-7CF4-48BF-A9D7-961D447B22FF}.Release|Any CPU.Build.0 = Release|Any CPU
		{79C9ECC6-15C8-4C9B-B2E4-BDF04C6C8AFC}.Debug|Any CPU.ActiveCfg = Debug|Any CPU
		{79C9ECC6-15C8-4C9B-B2E4-BDF04C6C8AFC}.Debug|Any CPU.Build.0 = Debug|Any CPU
		{79C9ECC6-15C8-4C9B-B2E4-BDF04C6C8AFC}.Release|Any CPU.ActiveCfg = Release|Any CPU
		{79C9ECC6-15C8-4C9B-B2E4-BDF04C6C8AFC}.Release|Any CPU.Build.0 = Release|Any CPU
		{C91696F9-FEC7-4F5B-9D9E-09DA2C61BC65}.Debug|Any CPU.ActiveCfg = Debug|Any CPU
		{C91696F9-FEC7-4F5B-9D9E-09DA2C61BC65}.Debug|Any CPU.Build.0 = Debug|Any CPU
		{C91696F9-FEC7-4F5B-9D9E-09DA2C61BC65}.Release|Any CPU.ActiveCfg = Release|Any CPU
		{C91696F9-FEC7-4F5B-9D9E-09DA2C61BC65}.Release|Any CPU.Build.0 = Release|Any CPU
		{CBD9DD9D-75EF-484C-B492-15774209CDE6}.Debug|Any CPU.ActiveCfg = Debug|Any CPU
		{CBD9DD9D-75EF-484C-B492-15774209CDE6}.Debug|Any CPU.Build.0 = Debug|Any CPU
		{CBD9DD9D-75EF-484C-B492-15774209CDE6}.Release|Any CPU.ActiveCfg = Release|Any CPU
		{CBD9DD9D-75EF-484C-B492-15774209CDE6}.Release|Any CPU.Build.0 = Release|Any CPU
		{A2C648CC-0ED3-46B7-9F2B-627619802385}.Debug|Any CPU.ActiveCfg = Debug|Any CPU
		{A2C648CC-0ED3-46B7-9F2B-627619802385}.Debug|Any CPU.Build.0 = Debug|Any CPU
		{A2C648CC-0ED3-46B7-9F2B-627619802385}.Release|Any CPU.ActiveCfg = Release|Any CPU
		{A2C648CC-0ED3-46B7-9F2B-627619802385}.Release|Any CPU.Build.0 = Release|Any CPU
		{6B5E084F-794D-435F-BF62-9F6536AED07F}.Debug|Any CPU.ActiveCfg = Debug|Any CPU
		{6B5E084F-794D-435F-BF62-9F6536AED07F}.Debug|Any CPU.Build.0 = Debug|Any CPU
		{6B5E084F-794D-435F-BF62-9F6536AED07F}.Release|Any CPU.ActiveCfg = Release|Any CPU
		{6B5E084F-794D-435F-BF62-9F6536AED07F}.Release|Any CPU.Build.0 = Release|Any CPU
	EndGlobalSection
	GlobalSection(SolutionProperties) = preSolution
		HideSolutionNode = FALSE
	EndGlobalSection
	GlobalSection(NestedProjects) = preSolution
		{D29C7211-7CF4-48BF-A9D7-961D447B22FF} = {2E264CB7-957E-47C7-AFEA-D5C7B3D2F574}
		{79C9ECC6-15C8-4C9B-B2E4-BDF04C6C8AFC} = {2E264CB7-957E-47C7-AFEA-D5C7B3D2F574}
		{C91696F9-FEC7-4F5B-9D9E-09DA2C61BC65} = {D09F3FA6-943E-4209-8295-8316F3838513}
		{CBD9DD9D-75EF-484C-B492-15774209CDE6} = {D09F3FA6-943E-4209-8295-8316F3838513}
		{A2C648CC-0ED3-46B7-9F2B-627619802385} = {D09F3FA6-943E-4209-8295-8316F3838513}
		{6B5E084F-794D-435F-BF62-9F6536AED07F} = {D09F3FA6-943E-4209-8295-8316F3838513}
	EndGlobalSection
	GlobalSection(ExtensibilityGlobals) = postSolution
		SolutionGuid = {9D5CC0BB-A33E-45D9-B87A-DC956DB7741C}
	EndGlobalSection
EndGlobal
